// !$*UTF8*$!
{
	archiveVersion = 1;
	classes = {
	};
	objectVersion = 56;
	objects = {

/* Begin PBXBuildFile section */
		B8124D5A28F944110053057C /* VocabListStudyView.swift in Sources */ = {isa = PBXBuildFile; fileRef = B8124D5928F944110053057C /* VocabListStudyView.swift */; };
		B8124D5C28F944550053057C /* VocabWord+Extensions.swift in Sources */ = {isa = PBXBuildFile; fileRef = B8124D5B28F944550053057C /* VocabWord+Extensions.swift */; };
		B8124D5E28F9446C0053057C /* Time+Extensions.swift in Sources */ = {isa = PBXBuildFile; fileRef = B8124D5D28F9446C0053057C /* Time+Extensions.swift */; };
		B8124D6028F948FD0053057C /* AppButton.swift in Sources */ = {isa = PBXBuildFile; fileRef = B8124D5F28F948FD0053057C /* AppButton.swift */; };
		B8124D6228F958830053057C /* VocabWordDefinitionView.swift in Sources */ = {isa = PBXBuildFile; fileRef = B8124D6128F958830053057C /* VocabWordDefinitionView.swift */; };
		B8124D6628F9BDB90053057C /* Codables.swift in Sources */ = {isa = PBXBuildFile; fileRef = B8124D6528F9BDB90053057C /* Codables.swift */; };
		B8124D6828F9BFDD0053057C /* mgbh-garret-vocab-1-21.json in Resources */ = {isa = PBXBuildFile; fileRef = B8124D6728F9BFDD0053057C /* mgbh-garret-vocab-1-21.json */; };
		B8124D6A28F9C7100053057C /* String+Extensions.swift in Sources */ = {isa = PBXBuildFile; fileRef = B8124D6928F9C7100053057C /* String+Extensions.swift */; };
		B8124D6C28F9D05A0053057C /* TextbookSelectorView.swift in Sources */ = {isa = PBXBuildFile; fileRef = B8124D6B28F9D05A0053057C /* TextbookSelectorView.swift */; };
		B8124D6E28F9EB7D0053057C /* garret-hebrew-1-21.json in Resources */ = {isa = PBXBuildFile; fileRef = B8124D6D28F9EB7D0053057C /* garret-hebrew-1-21.json */; };
		B8124D7028F9FF5E0053057C /* Date+Extensions.swift in Sources */ = {isa = PBXBuildFile; fileRef = B8124D6F28F9FF5E0053057C /* Date+Extensions.swift */; };
		B8124D7528FA0EF10053057C /* ParadigmPracticeView.swift in Sources */ = {isa = PBXBuildFile; fileRef = B8124D7228FA0EF10053057C /* ParadigmPracticeView.swift */; };
		B8124D7628FA0EF10053057C /* ParadigmsViews.swift in Sources */ = {isa = PBXBuildFile; fileRef = B8124D7328FA0EF10053057C /* ParadigmsViews.swift */; };
		B8124D7728FA0EF10053057C /* ParadigmDetailView.swift in Sources */ = {isa = PBXBuildFile; fileRef = B8124D7428FA0EF10053057C /* ParadigmDetailView.swift */; };
		B8124D7928FA0F120053057C /* HebrewConcepts.swift in Sources */ = {isa = PBXBuildFile; fileRef = B8124D7828FA0F120053057C /* HebrewConcepts.swift */; };
		B8124D7D28FA0F990053057C /* HomeView.swift in Sources */ = {isa = PBXBuildFile; fileRef = B8124D7C28FA0F990053057C /* HomeView.swift */; };
		B8124D7F28FA30900053057C /* WordInPassageView.swift in Sources */ = {isa = PBXBuildFile; fileRef = B8124D7E28FA30900053057C /* WordInPassageView.swift */; };
		B8124D8128FB285D0053057C /* BibleRange+Extensions.swift in Sources */ = {isa = PBXBuildFile; fileRef = B8124D8028FB285D0053057C /* BibleRange+Extensions.swift */; };
		B8124D8328FB2AF90053057C /* NavHeaderTitleDetailView.swift in Sources */ = {isa = PBXBuildFile; fileRef = B8124D8228FB2AF90053057C /* NavHeaderTitleDetailView.swift */; };
		B8124D8528FB366F0053057C /* DueWordsView.swift in Sources */ = {isa = PBXBuildFile; fileRef = B8124D8428FB366F0053057C /* DueWordsView.swift */; };
		B81C313F29032BD9002DBF6B /* NewHomeView.swift in Sources */ = {isa = PBXBuildFile; fileRef = B81C313E29032BD9002DBF6B /* NewHomeView.swift */; };
		B81C31602903AE1F002DBF6B /* WidgetKit.framework in Frameworks */ = {isa = PBXBuildFile; fileRef = B81C315F2903AE1F002DBF6B /* WidgetKit.framework */; };
		B81C31622903AE1F002DBF6B /* SwiftUI.framework in Frameworks */ = {isa = PBXBuildFile; fileRef = B81C31612903AE1F002DBF6B /* SwiftUI.framework */; };
		B81C31652903AE1F002DBF6B /* TodayStatsWidget.swift in Sources */ = {isa = PBXBuildFile; fileRef = B81C31642903AE1F002DBF6B /* TodayStatsWidget.swift */; };
		B81C31672903AE20002DBF6B /* Assets.xcassets in Resources */ = {isa = PBXBuildFile; fileRef = B81C31662903AE20002DBF6B /* Assets.xcassets */; };
		B81C316B2903AE20002DBF6B /* TodayStatsWidgetExtension.appex in Embed Foundation Extensions */ = {isa = PBXBuildFile; fileRef = B81C315D2903AE1F002DBF6B /* TodayStatsWidgetExtension.appex */; settings = {ATTRIBUTES = (RemoveHeadersOnCopy, ); }; };
		B81C31722903B1E6002DBF6B /* WidgetDesign.swift in Sources */ = {isa = PBXBuildFile; fileRef = B81C31702903B0DB002DBF6B /* WidgetDesign.swift */; };
		B81C31742903B310002DBF6B /* WidgetShareable.swift in Sources */ = {isa = PBXBuildFile; fileRef = B81C31732903B310002DBF6B /* WidgetShareable.swift */; };
		B81C31772903B4FE002DBF6B /* WidgetShareable.swift in Sources */ = {isa = PBXBuildFile; fileRef = B81C31732903B310002DBF6B /* WidgetShareable.swift */; };
		B81C31792903B5EB002DBF6B /* WidgetStatsUtil.swift in Sources */ = {isa = PBXBuildFile; fileRef = B81C31782903B5EB002DBF6B /* WidgetStatsUtil.swift */; };
		B83875EF2909BEC6002682FE /* Widget-AppOnly.swift in Sources */ = {isa = PBXBuildFile; fileRef = B83875EE2909BEC6002682FE /* Widget-AppOnly.swift */; };
		B899887E28FC94F000F00E0B /* WordInfoRow.swift in Sources */ = {isa = PBXBuildFile; fileRef = B899887D28FC94F000F00E0B /* WordInfoRow.swift */; };
		B899888028FCBCF100F00E0B /* StudySession+Extensions.swift in Sources */ = {isa = PBXBuildFile; fileRef = B899887F28FCBCF100F00E0B /* StudySession+Extensions.swift */; };
		B899888228FD1A5100F00E0B /* NewWordsLearnedTodayView.swift in Sources */ = {isa = PBXBuildFile; fileRef = B899888128FD1A5100F00E0B /* NewWordsLearnedTodayView.swift */; };
		B899888628FDA92B00F00E0B /* ReadingMainView.swift in Sources */ = {isa = PBXBuildFile; fileRef = B899888528FDA92B00F00E0B /* ReadingMainView.swift */; };
		B899888828FDAFE100F00E0B /* DataDependentViewModel.swift in Sources */ = {isa = PBXBuildFile; fileRef = B899888728FDAFE100F00E0B /* DataDependentViewModel.swift */; };
		B899888A28FDB03300F00E0B /* DataLoadingView.swift in Sources */ = {isa = PBXBuildFile; fileRef = B899888928FDB03300F00E0B /* DataLoadingView.swift */; };
		B899888C28FDB32D00F00E0B /* ReadPassageView.swift in Sources */ = {isa = PBXBuildFile; fileRef = B899888B28FDB32D00F00E0B /* ReadPassageView.swift */; };
		B899888E28FDDB0E00F00E0B /* BibleReadingView.swift in Sources */ = {isa = PBXBuildFile; fileRef = B899888D28FDDB0E00F00E0B /* BibleReadingView.swift */; };
		B899889028FE4D1900F00E0B /* DesignConstants.swift in Sources */ = {isa = PBXBuildFile; fileRef = B899888F28FE4D1900F00E0B /* DesignConstants.swift */; };
		B8A210E028FE688900BDF272 /* hebrew-bible.json in Resources */ = {isa = PBXBuildFile; fileRef = B8A210DF28FE688900BDF272 /* hebrew-bible.json */; };
		B8A210E228FE6DB100BDF272 /* WordDetailsView.swift in Sources */ = {isa = PBXBuildFile; fileRef = B8A210E128FE6DB100BDF272 /* WordDetailsView.swift */; };
		B8A210E628FF553C00BDF272 /* ParsingListsView.swift in Sources */ = {isa = PBXBuildFile; fileRef = B8A210E528FF553C00BDF272 /* ParsingListsView.swift */; };
		B8A210E828FF581E00BDF272 /* ParsingInfo.swift in Sources */ = {isa = PBXBuildFile; fileRef = B8A210E728FF581D00BDF272 /* ParsingInfo.swift */; };
		B8A210EA28FF5C3A00BDF272 /* BuildParsingListView.swift in Sources */ = {isa = PBXBuildFile; fileRef = B8A210E928FF5C3A00BDF272 /* BuildParsingListView.swift */; };
		B8A210EC29007CCD00BDF272 /* DefaultVocabListSelectorView.swift in Sources */ = {isa = PBXBuildFile; fileRef = B8A210EB29007CCD00BDF272 /* DefaultVocabListSelectorView.swift */; };
		B8A210EE2900989A00BDF272 /* WordInfoHeaderSection.swift in Sources */ = {isa = PBXBuildFile; fileRef = B8A210ED2900989A00BDF272 /* WordInfoHeaderSection.swift */; };
		B8A210F02901953400BDF272 /* hebrew-dict.json in Resources */ = {isa = PBXBuildFile; fileRef = B8A210EF2901953400BDF272 /* hebrew-dict.json */; };
		B8A210F22901A90900BDF272 /* VocabWordRange+Extensions.swift in Sources */ = {isa = PBXBuildFile; fileRef = B8A210F12901A90900BDF272 /* VocabWordRange+Extensions.swift */; };
		B8A210F42901BF4600BDF272 /* ParsingListDetailView.swift in Sources */ = {isa = PBXBuildFile; fileRef = B8A210F32901BF4600BDF272 /* ParsingListDetailView.swift */; };
		B8A210F62901CA7200BDF272 /* PracticeParsingView.swift in Sources */ = {isa = PBXBuildFile; fileRef = B8A210F52901CA7200BDF272 /* PracticeParsingView.swift */; };
		B8A210F82901D80800BDF272 /* ParsingSessionReportView.swift in Sources */ = {isa = PBXBuildFile; fileRef = B8A210F72901D80800BDF272 /* ParsingSessionReportView.swift */; };
		B8A210FA2901D8B100BDF272 /* ParsingSessionEntryRow.swift in Sources */ = {isa = PBXBuildFile; fileRef = B8A210F92901D8B100BDF272 /* ParsingSessionEntryRow.swift */; };
		B8A210FC2901E38C00BDF272 /* ParsingListSettingsView.swift in Sources */ = {isa = PBXBuildFile; fileRef = B8A210FB2901E38C00BDF272 /* ParsingListSettingsView.swift */; };
		B8A210FE2901E48A00BDF272 /* ParsingListSessionsView.swift in Sources */ = {isa = PBXBuildFile; fileRef = B8A210FD2901E48A00BDF272 /* ParsingListSessionsView.swift */; };
		B8A211002902086B00BDF272 /* AllWordsParsedTodayView.swift in Sources */ = {isa = PBXBuildFile; fileRef = B8A210FF2902086B00BDF272 /* AllWordsParsedTodayView.swift */; };
		B8A2110229020FA100BDF272 /* ExternalTools.swift in Sources */ = {isa = PBXBuildFile; fileRef = B8A2110129020FA100BDF272 /* ExternalTools.swift */; };
		B8DD2E0B28F93CB100AC9492 /* BibleWords_iOSApp.swift in Sources */ = {isa = PBXBuildFile; fileRef = B8DD2E0A28F93CB100AC9492 /* BibleWords_iOSApp.swift */; };
		B8DD2E0F28F93CB300AC9492 /* Assets.xcassets in Resources */ = {isa = PBXBuildFile; fileRef = B8DD2E0E28F93CB300AC9492 /* Assets.xcassets */; };
		B8DD2E1228F93CB300AC9492 /* Preview Assets.xcassets in Resources */ = {isa = PBXBuildFile; fileRef = B8DD2E1128F93CB300AC9492 /* Preview Assets.xcassets */; };
		B8DD2E1428F93CB300AC9492 /* Persistence.swift in Sources */ = {isa = PBXBuildFile; fileRef = B8DD2E1328F93CB300AC9492 /* Persistence.swift */; };
		B8DD2E1728F93CB300AC9492 /* BibleWords_iOS.xcdatamodeld in Sources */ = {isa = PBXBuildFile; fileRef = B8DD2E1528F93CB300AC9492 /* BibleWords_iOS.xcdatamodeld */; };
		B8DD2E6128F93CDF00AC9492 /* CoreDataManager.swift in Sources */ = {isa = PBXBuildFile; fileRef = B8DD2E2928F93CDD00AC9492 /* CoreDataManager.swift */; };
		B8DD2E6228F93CDF00AC9492 /* Bible.swift in Sources */ = {isa = PBXBuildFile; fileRef = B8DD2E2A28F93CDD00AC9492 /* Bible.swift */; };
		B8DD2E6328F93CDF00AC9492 /* GreekCodeables.swift in Sources */ = {isa = PBXBuildFile; fileRef = B8DD2E2B28F93CDD00AC9492 /* GreekCodeables.swift */; };
		B8DD2E6428F93CDF00AC9492 /* BibleRange.swift in Sources */ = {isa = PBXBuildFile; fileRef = B8DD2E2C28F93CDD00AC9492 /* BibleRange.swift */; };
		B8DD2E6528F93CDF00AC9492 /* HebrewParsingDictionary.swift in Sources */ = {isa = PBXBuildFile; fileRef = B8DD2E2D28F93CDD00AC9492 /* HebrewParsingDictionary.swift */; };
		B8DD2E6728F93CDF00AC9492 /* greek-bible.json in Resources */ = {isa = PBXBuildFile; fileRef = B8DD2E3028F93CDD00AC9492 /* greek-bible.json */; };
		B8DD2E6928F93CDF00AC9492 /* greek-dict.json in Resources */ = {isa = PBXBuildFile; fileRef = B8DD2E3228F93CDD00AC9492 /* greek-dict.json */; };
		B8DD2E6A28F93CDF00AC9492 /* HebrewCodables.swift in Sources */ = {isa = PBXBuildFile; fileRef = B8DD2E3328F93CDD00AC9492 /* HebrewCodables.swift */; };
		B8DD2E6B28F93CDF00AC9492 /* API.swift in Sources */ = {isa = PBXBuildFile; fileRef = B8DD2E3428F93CDD00AC9492 /* API.swift */; };
		B8DD2E6D28F93CDF00AC9492 /* Int+Extensions.swift in Sources */ = {isa = PBXBuildFile; fileRef = B8DD2E3728F93CDD00AC9492 /* Int+Extensions.swift */; };
		B8DD2E6E28F93CDF00AC9492 /* VocabListBuilder.swift in Sources */ = {isa = PBXBuildFile; fileRef = B8DD2E3828F93CDD00AC9492 /* VocabListBuilder.swift */; };
		B8DD2E6F28F93CDF00AC9492 /* Bindable.swift in Sources */ = {isa = PBXBuildFile; fileRef = B8DD2E3928F93CDD00AC9492 /* Bindable.swift */; };
		B8DD2E7028F93CDF00AC9492 /* WordList+Extensions.swift in Sources */ = {isa = PBXBuildFile; fileRef = B8DD2E3A28F93CDD00AC9492 /* WordList+Extensions.swift */; };
		B8DD2E7228F93CDF00AC9492 /* ListDetailView.swift in Sources */ = {isa = PBXBuildFile; fileRef = B8DD2E3D28F93CDD00AC9492 /* ListDetailView.swift */; };
		B8DD2E7328F93CDF00AC9492 /* WordInfoDetailsView.swift in Sources */ = {isa = PBXBuildFile; fileRef = B8DD2E3E28F93CDD00AC9492 /* WordInfoDetailsView.swift */; };
		B8DD2E7428F93CDF00AC9492 /* BuildVocabListView.swift in Sources */ = {isa = PBXBuildFile; fileRef = B8DD2E3F28F93CDD00AC9492 /* BuildVocabListView.swift */; };
		B8DD2E7528F93CDF00AC9492 /* VocabListsView.swift in Sources */ = {isa = PBXBuildFile; fileRef = B8DD2E4028F93CDD00AC9492 /* VocabListsView.swift */; };
		B8DD2E7628F93CDF00AC9492 /* EzraSR.ttf in Resources */ = {isa = PBXBuildFile; fileRef = B8DD2E4228F93CDD00AC9492 /* EzraSR.ttf */; };
		B8DD2E7728F93CDF00AC9492 /* TekniaGreek.ttf in Resources */ = {isa = PBXBuildFile; fileRef = B8DD2E4328F93CDD00AC9492 /* TekniaGreek.ttf */; };
		B8DD2E7828F93CDF00AC9492 /* Font+Extensions.swift in Sources */ = {isa = PBXBuildFile; fileRef = B8DD2E4428F93CDD00AC9492 /* Font+Extensions.swift */; };
		B8E2FB3C2905176400C17F75 /* Text+Extensions.swift in Sources */ = {isa = PBXBuildFile; fileRef = B8E2FB3B2905176400C17F75 /* Text+Extensions.swift */; };
		B8E2FB3E29065D1D00C17F75 /* VocabWordIntervalStatsView.swift in Sources */ = {isa = PBXBuildFile; fileRef = B8E2FB3D29065D1D00C17F75 /* VocabWordIntervalStatsView.swift */; };
		B8E2FB412906694B00C17F75 /* MoreStatsView.swift in Sources */ = {isa = PBXBuildFile; fileRef = B8E2FB402906694B00C17F75 /* MoreStatsView.swift */; };
		B8E2FB43290670A900C17F75 /* VocabWordDifficultyStatsView.swift in Sources */ = {isa = PBXBuildFile; fileRef = B8E2FB42290670A900C17F75 /* VocabWordDifficultyStatsView.swift */; };
		B8E2FB4529072D4C00C17F75 /* CustomWordListBuilderView.swift in Sources */ = {isa = PBXBuildFile; fileRef = B8E2FB4429072D4C00C17F75 /* CustomWordListBuilderView.swift */; };
		B8E2FB472907ADFB00C17F75 /* VocabListTypeInfoView.swift in Sources */ = {isa = PBXBuildFile; fileRef = B8E2FB462907ADFB00C17F75 /* VocabListTypeInfoView.swift */; };
		B8E2FB492907B1A900C17F75 /* InfoImageTextRow.swift in Sources */ = {isa = PBXBuildFile; fileRef = B8E2FB482907B1A900C17F75 /* InfoImageTextRow.swift */; };
		B8E2FB4B290892C100C17F75 /* Array+Extensions.swift in Sources */ = {isa = PBXBuildFile; fileRef = B8E2FB4A290892C100C17F75 /* Array+Extensions.swift */; };
		B8E2FB4C2908B58100C17F75 /* Time+Extensions.swift in Sources */ = {isa = PBXBuildFile; fileRef = B8124D5D28F9446C0053057C /* Time+Extensions.swift */; };
		B8E2FB4D2908B71A00C17F75 /* WidgetStatsUtil.swift in Sources */ = {isa = PBXBuildFile; fileRef = B81C31782903B5EB002DBF6B /* WidgetStatsUtil.swift */; };
/* End PBXBuildFile section */

/* Begin PBXContainerItemProxy section */
		B81C31692903AE20002DBF6B /* PBXContainerItemProxy */ = {
			isa = PBXContainerItemProxy;
			containerPortal = B8DD2DFF28F93CB100AC9492 /* Project object */;
			proxyType = 1;
			remoteGlobalIDString = B81C315C2903AE1F002DBF6B;
			remoteInfo = TodayStatsWidgetExtension;
		};
/* End PBXContainerItemProxy section */

/* Begin PBXCopyFilesBuildPhase section */
		B81C316C2903AE20002DBF6B /* Embed Foundation Extensions */ = {
			isa = PBXCopyFilesBuildPhase;
			buildActionMask = 2147483647;
			dstPath = "";
			dstSubfolderSpec = 13;
			files = (
				B81C316B2903AE20002DBF6B /* TodayStatsWidgetExtension.appex in Embed Foundation Extensions */,
			);
			name = "Embed Foundation Extensions";
			runOnlyForDeploymentPostprocessing = 0;
		};
/* End PBXCopyFilesBuildPhase section */

/* Begin PBXFileReference section */
		B8124D5928F944110053057C /* VocabListStudyView.swift */ = {isa = PBXFileReference; fileEncoding = 4; lastKnownFileType = sourcecode.swift; path = VocabListStudyView.swift; sourceTree = "<group>"; };
		B8124D5B28F944550053057C /* VocabWord+Extensions.swift */ = {isa = PBXFileReference; lastKnownFileType = sourcecode.swift; path = "VocabWord+Extensions.swift"; sourceTree = "<group>"; };
		B8124D5D28F9446C0053057C /* Time+Extensions.swift */ = {isa = PBXFileReference; fileEncoding = 4; lastKnownFileType = sourcecode.swift; path = "Time+Extensions.swift"; sourceTree = "<group>"; };
		B8124D5F28F948FD0053057C /* AppButton.swift */ = {isa = PBXFileReference; fileEncoding = 4; lastKnownFileType = sourcecode.swift; path = AppButton.swift; sourceTree = "<group>"; };
		B8124D6128F958830053057C /* VocabWordDefinitionView.swift */ = {isa = PBXFileReference; fileEncoding = 4; lastKnownFileType = sourcecode.swift; path = VocabWordDefinitionView.swift; sourceTree = "<group>"; };
		B8124D6528F9BDB90053057C /* Codables.swift */ = {isa = PBXFileReference; lastKnownFileType = sourcecode.swift; path = Codables.swift; sourceTree = "<group>"; };
		B8124D6728F9BFDD0053057C /* mgbh-garret-vocab-1-21.json */ = {isa = PBXFileReference; fileEncoding = 4; lastKnownFileType = text.json; path = "mgbh-garret-vocab-1-21.json"; sourceTree = "<group>"; };
		B8124D6928F9C7100053057C /* String+Extensions.swift */ = {isa = PBXFileReference; lastKnownFileType = sourcecode.swift; path = "String+Extensions.swift"; sourceTree = "<group>"; };
		B8124D6B28F9D05A0053057C /* TextbookSelectorView.swift */ = {isa = PBXFileReference; lastKnownFileType = sourcecode.swift; path = TextbookSelectorView.swift; sourceTree = "<group>"; };
		B8124D6D28F9EB7D0053057C /* garret-hebrew-1-21.json */ = {isa = PBXFileReference; fileEncoding = 4; lastKnownFileType = text.json; path = "garret-hebrew-1-21.json"; sourceTree = "<group>"; };
		B8124D6F28F9FF5E0053057C /* Date+Extensions.swift */ = {isa = PBXFileReference; fileEncoding = 4; lastKnownFileType = sourcecode.swift; path = "Date+Extensions.swift"; sourceTree = "<group>"; };
		B8124D7228FA0EF10053057C /* ParadigmPracticeView.swift */ = {isa = PBXFileReference; fileEncoding = 4; lastKnownFileType = sourcecode.swift; path = ParadigmPracticeView.swift; sourceTree = "<group>"; };
		B8124D7328FA0EF10053057C /* ParadigmsViews.swift */ = {isa = PBXFileReference; fileEncoding = 4; lastKnownFileType = sourcecode.swift; path = ParadigmsViews.swift; sourceTree = "<group>"; };
		B8124D7428FA0EF10053057C /* ParadigmDetailView.swift */ = {isa = PBXFileReference; fileEncoding = 4; lastKnownFileType = sourcecode.swift; path = ParadigmDetailView.swift; sourceTree = "<group>"; };
		B8124D7828FA0F120053057C /* HebrewConcepts.swift */ = {isa = PBXFileReference; fileEncoding = 4; lastKnownFileType = sourcecode.swift; path = HebrewConcepts.swift; sourceTree = "<group>"; };
		B8124D7C28FA0F990053057C /* HomeView.swift */ = {isa = PBXFileReference; lastKnownFileType = sourcecode.swift; path = HomeView.swift; sourceTree = "<group>"; };
		B8124D7E28FA30900053057C /* WordInPassageView.swift */ = {isa = PBXFileReference; lastKnownFileType = sourcecode.swift; path = WordInPassageView.swift; sourceTree = "<group>"; };
		B8124D8028FB285D0053057C /* BibleRange+Extensions.swift */ = {isa = PBXFileReference; lastKnownFileType = sourcecode.swift; path = "BibleRange+Extensions.swift"; sourceTree = "<group>"; };
		B8124D8228FB2AF90053057C /* NavHeaderTitleDetailView.swift */ = {isa = PBXFileReference; lastKnownFileType = sourcecode.swift; path = NavHeaderTitleDetailView.swift; sourceTree = "<group>"; };
		B8124D8428FB366F0053057C /* DueWordsView.swift */ = {isa = PBXFileReference; lastKnownFileType = sourcecode.swift; path = DueWordsView.swift; sourceTree = "<group>"; };
		B81C313E29032BD9002DBF6B /* NewHomeView.swift */ = {isa = PBXFileReference; lastKnownFileType = sourcecode.swift; path = NewHomeView.swift; sourceTree = "<group>"; };
		B81C315D2903AE1F002DBF6B /* TodayStatsWidgetExtension.appex */ = {isa = PBXFileReference; explicitFileType = "wrapper.app-extension"; includeInIndex = 0; path = TodayStatsWidgetExtension.appex; sourceTree = BUILT_PRODUCTS_DIR; };
		B81C315F2903AE1F002DBF6B /* WidgetKit.framework */ = {isa = PBXFileReference; lastKnownFileType = wrapper.framework; name = WidgetKit.framework; path = System/Library/Frameworks/WidgetKit.framework; sourceTree = SDKROOT; };
		B81C31612903AE1F002DBF6B /* SwiftUI.framework */ = {isa = PBXFileReference; lastKnownFileType = wrapper.framework; name = SwiftUI.framework; path = System/Library/Frameworks/SwiftUI.framework; sourceTree = SDKROOT; };
		B81C31642903AE1F002DBF6B /* TodayStatsWidget.swift */ = {isa = PBXFileReference; lastKnownFileType = sourcecode.swift; path = TodayStatsWidget.swift; sourceTree = "<group>"; };
		B81C31662903AE20002DBF6B /* Assets.xcassets */ = {isa = PBXFileReference; lastKnownFileType = folder.assetcatalog; path = Assets.xcassets; sourceTree = "<group>"; };
		B81C31682903AE20002DBF6B /* Info.plist */ = {isa = PBXFileReference; lastKnownFileType = text.plist.xml; path = Info.plist; sourceTree = "<group>"; };
		B81C31702903B0DB002DBF6B /* WidgetDesign.swift */ = {isa = PBXFileReference; lastKnownFileType = sourcecode.swift; path = WidgetDesign.swift; sourceTree = "<group>"; };
		B81C31732903B310002DBF6B /* WidgetShareable.swift */ = {isa = PBXFileReference; lastKnownFileType = sourcecode.swift; path = WidgetShareable.swift; sourceTree = "<group>"; };
		B81C31752903B386002DBF6B /* BibleWords_iOS.entitlements */ = {isa = PBXFileReference; lastKnownFileType = text.plist.entitlements; path = BibleWords_iOS.entitlements; sourceTree = "<group>"; };
		B81C31762903B3BE002DBF6B /* TodayStatsWidgetExtension.entitlements */ = {isa = PBXFileReference; lastKnownFileType = text.plist.entitlements; path = TodayStatsWidgetExtension.entitlements; sourceTree = "<group>"; };
		B81C31782903B5EB002DBF6B /* WidgetStatsUtil.swift */ = {isa = PBXFileReference; lastKnownFileType = sourcecode.swift; path = WidgetStatsUtil.swift; sourceTree = "<group>"; };
		B83875EE2909BEC6002682FE /* Widget-AppOnly.swift */ = {isa = PBXFileReference; lastKnownFileType = sourcecode.swift; path = "Widget-AppOnly.swift"; sourceTree = "<group>"; };
		B899887D28FC94F000F00E0B /* WordInfoRow.swift */ = {isa = PBXFileReference; lastKnownFileType = sourcecode.swift; path = WordInfoRow.swift; sourceTree = "<group>"; };
		B899887F28FCBCF100F00E0B /* StudySession+Extensions.swift */ = {isa = PBXFileReference; lastKnownFileType = sourcecode.swift; path = "StudySession+Extensions.swift"; sourceTree = "<group>"; };
		B899888128FD1A5100F00E0B /* NewWordsLearnedTodayView.swift */ = {isa = PBXFileReference; lastKnownFileType = sourcecode.swift; path = NewWordsLearnedTodayView.swift; sourceTree = "<group>"; };
		B899888528FDA92B00F00E0B /* ReadingMainView.swift */ = {isa = PBXFileReference; lastKnownFileType = sourcecode.swift; path = ReadingMainView.swift; sourceTree = "<group>"; };
		B899888728FDAFE100F00E0B /* DataDependentViewModel.swift */ = {isa = PBXFileReference; lastKnownFileType = sourcecode.swift; path = DataDependentViewModel.swift; sourceTree = "<group>"; };
		B899888928FDB03300F00E0B /* DataLoadingView.swift */ = {isa = PBXFileReference; lastKnownFileType = sourcecode.swift; path = DataLoadingView.swift; sourceTree = "<group>"; };
		B899888B28FDB32D00F00E0B /* ReadPassageView.swift */ = {isa = PBXFileReference; lastKnownFileType = sourcecode.swift; path = ReadPassageView.swift; sourceTree = "<group>"; };
		B899888D28FDDB0E00F00E0B /* BibleReadingView.swift */ = {isa = PBXFileReference; lastKnownFileType = sourcecode.swift; path = BibleReadingView.swift; sourceTree = "<group>"; };
		B899888F28FE4D1900F00E0B /* DesignConstants.swift */ = {isa = PBXFileReference; lastKnownFileType = sourcecode.swift; path = DesignConstants.swift; sourceTree = "<group>"; };
		B8A210DF28FE688900BDF272 /* hebrew-bible.json */ = {isa = PBXFileReference; fileEncoding = 4; lastKnownFileType = text.json; path = "hebrew-bible.json"; sourceTree = "<group>"; };
		B8A210E128FE6DB100BDF272 /* WordDetailsView.swift */ = {isa = PBXFileReference; lastKnownFileType = sourcecode.swift; path = WordDetailsView.swift; sourceTree = "<group>"; };
		B8A210E528FF553C00BDF272 /* ParsingListsView.swift */ = {isa = PBXFileReference; lastKnownFileType = sourcecode.swift; path = ParsingListsView.swift; sourceTree = "<group>"; };
		B8A210E728FF581D00BDF272 /* ParsingInfo.swift */ = {isa = PBXFileReference; fileEncoding = 4; lastKnownFileType = sourcecode.swift; path = ParsingInfo.swift; sourceTree = "<group>"; };
		B8A210E928FF5C3A00BDF272 /* BuildParsingListView.swift */ = {isa = PBXFileReference; lastKnownFileType = sourcecode.swift; path = BuildParsingListView.swift; sourceTree = "<group>"; };
		B8A210EB29007CCD00BDF272 /* DefaultVocabListSelectorView.swift */ = {isa = PBXFileReference; lastKnownFileType = sourcecode.swift; path = DefaultVocabListSelectorView.swift; sourceTree = "<group>"; };
		B8A210ED2900989A00BDF272 /* WordInfoHeaderSection.swift */ = {isa = PBXFileReference; lastKnownFileType = sourcecode.swift; path = WordInfoHeaderSection.swift; sourceTree = "<group>"; };
		B8A210EF2901953400BDF272 /* hebrew-dict.json */ = {isa = PBXFileReference; fileEncoding = 4; lastKnownFileType = text.json; path = "hebrew-dict.json"; sourceTree = "<group>"; };
		B8A210F12901A90900BDF272 /* VocabWordRange+Extensions.swift */ = {isa = PBXFileReference; lastKnownFileType = sourcecode.swift; path = "VocabWordRange+Extensions.swift"; sourceTree = "<group>"; };
		B8A210F32901BF4600BDF272 /* ParsingListDetailView.swift */ = {isa = PBXFileReference; lastKnownFileType = sourcecode.swift; path = ParsingListDetailView.swift; sourceTree = "<group>"; };
		B8A210F52901CA7200BDF272 /* PracticeParsingView.swift */ = {isa = PBXFileReference; lastKnownFileType = sourcecode.swift; path = PracticeParsingView.swift; sourceTree = "<group>"; };
		B8A210F72901D80800BDF272 /* ParsingSessionReportView.swift */ = {isa = PBXFileReference; lastKnownFileType = sourcecode.swift; path = ParsingSessionReportView.swift; sourceTree = "<group>"; };
		B8A210F92901D8B100BDF272 /* ParsingSessionEntryRow.swift */ = {isa = PBXFileReference; lastKnownFileType = sourcecode.swift; path = ParsingSessionEntryRow.swift; sourceTree = "<group>"; };
		B8A210FB2901E38C00BDF272 /* ParsingListSettingsView.swift */ = {isa = PBXFileReference; lastKnownFileType = sourcecode.swift; path = ParsingListSettingsView.swift; sourceTree = "<group>"; };
		B8A210FD2901E48A00BDF272 /* ParsingListSessionsView.swift */ = {isa = PBXFileReference; lastKnownFileType = sourcecode.swift; path = ParsingListSessionsView.swift; sourceTree = "<group>"; };
		B8A210FF2902086B00BDF272 /* AllWordsParsedTodayView.swift */ = {isa = PBXFileReference; lastKnownFileType = sourcecode.swift; path = AllWordsParsedTodayView.swift; sourceTree = "<group>"; };
		B8A2110129020FA100BDF272 /* ExternalTools.swift */ = {isa = PBXFileReference; lastKnownFileType = sourcecode.swift; path = ExternalTools.swift; sourceTree = "<group>"; };
		B8DD2E0728F93CB100AC9492 /* BibleWords_iOS.app */ = {isa = PBXFileReference; explicitFileType = wrapper.application; includeInIndex = 0; path = BibleWords_iOS.app; sourceTree = BUILT_PRODUCTS_DIR; };
		B8DD2E0A28F93CB100AC9492 /* BibleWords_iOSApp.swift */ = {isa = PBXFileReference; lastKnownFileType = sourcecode.swift; path = BibleWords_iOSApp.swift; sourceTree = "<group>"; };
		B8DD2E0E28F93CB300AC9492 /* Assets.xcassets */ = {isa = PBXFileReference; lastKnownFileType = folder.assetcatalog; path = Assets.xcassets; sourceTree = "<group>"; };
		B8DD2E1128F93CB300AC9492 /* Preview Assets.xcassets */ = {isa = PBXFileReference; lastKnownFileType = folder.assetcatalog; path = "Preview Assets.xcassets"; sourceTree = "<group>"; };
		B8DD2E1328F93CB300AC9492 /* Persistence.swift */ = {isa = PBXFileReference; lastKnownFileType = sourcecode.swift; path = Persistence.swift; sourceTree = "<group>"; };
		B8DD2E1628F93CB300AC9492 /* BibleWords_iOS.xcdatamodel */ = {isa = PBXFileReference; lastKnownFileType = wrapper.xcdatamodel; path = BibleWords_iOS.xcdatamodel; sourceTree = "<group>"; };
		B8DD2E1828F93CB300AC9492 /* Info.plist */ = {isa = PBXFileReference; lastKnownFileType = text.plist.xml; path = Info.plist; sourceTree = "<group>"; };
		B8DD2E2928F93CDD00AC9492 /* CoreDataManager.swift */ = {isa = PBXFileReference; fileEncoding = 4; lastKnownFileType = sourcecode.swift; path = CoreDataManager.swift; sourceTree = "<group>"; };
		B8DD2E2A28F93CDD00AC9492 /* Bible.swift */ = {isa = PBXFileReference; fileEncoding = 4; lastKnownFileType = sourcecode.swift; path = Bible.swift; sourceTree = "<group>"; };
		B8DD2E2B28F93CDD00AC9492 /* GreekCodeables.swift */ = {isa = PBXFileReference; fileEncoding = 4; lastKnownFileType = sourcecode.swift; path = GreekCodeables.swift; sourceTree = "<group>"; };
		B8DD2E2C28F93CDD00AC9492 /* BibleRange.swift */ = {isa = PBXFileReference; fileEncoding = 4; lastKnownFileType = sourcecode.swift; path = BibleRange.swift; sourceTree = "<group>"; };
		B8DD2E2D28F93CDD00AC9492 /* HebrewParsingDictionary.swift */ = {isa = PBXFileReference; fileEncoding = 4; lastKnownFileType = sourcecode.swift; path = HebrewParsingDictionary.swift; sourceTree = "<group>"; };
		B8DD2E3028F93CDD00AC9492 /* greek-bible.json */ = {isa = PBXFileReference; fileEncoding = 4; lastKnownFileType = text.json; path = "greek-bible.json"; sourceTree = "<group>"; };
		B8DD2E3228F93CDD00AC9492 /* greek-dict.json */ = {isa = PBXFileReference; fileEncoding = 4; lastKnownFileType = text.json; path = "greek-dict.json"; sourceTree = "<group>"; };
		B8DD2E3328F93CDD00AC9492 /* HebrewCodables.swift */ = {isa = PBXFileReference; fileEncoding = 4; lastKnownFileType = sourcecode.swift; path = HebrewCodables.swift; sourceTree = "<group>"; };
		B8DD2E3428F93CDD00AC9492 /* API.swift */ = {isa = PBXFileReference; fileEncoding = 4; lastKnownFileType = sourcecode.swift; path = API.swift; sourceTree = "<group>"; };
		B8DD2E3728F93CDD00AC9492 /* Int+Extensions.swift */ = {isa = PBXFileReference; fileEncoding = 4; lastKnownFileType = sourcecode.swift; path = "Int+Extensions.swift"; sourceTree = "<group>"; };
		B8DD2E3828F93CDD00AC9492 /* VocabListBuilder.swift */ = {isa = PBXFileReference; fileEncoding = 4; lastKnownFileType = sourcecode.swift; path = VocabListBuilder.swift; sourceTree = "<group>"; };
		B8DD2E3928F93CDD00AC9492 /* Bindable.swift */ = {isa = PBXFileReference; fileEncoding = 4; lastKnownFileType = sourcecode.swift; path = Bindable.swift; sourceTree = "<group>"; };
		B8DD2E3A28F93CDD00AC9492 /* WordList+Extensions.swift */ = {isa = PBXFileReference; fileEncoding = 4; lastKnownFileType = sourcecode.swift; path = "WordList+Extensions.swift"; sourceTree = "<group>"; };
		B8DD2E3D28F93CDD00AC9492 /* ListDetailView.swift */ = {isa = PBXFileReference; fileEncoding = 4; lastKnownFileType = sourcecode.swift; path = ListDetailView.swift; sourceTree = "<group>"; };
		B8DD2E3E28F93CDD00AC9492 /* WordInfoDetailsView.swift */ = {isa = PBXFileReference; fileEncoding = 4; lastKnownFileType = sourcecode.swift; path = WordInfoDetailsView.swift; sourceTree = "<group>"; };
		B8DD2E3F28F93CDD00AC9492 /* BuildVocabListView.swift */ = {isa = PBXFileReference; fileEncoding = 4; lastKnownFileType = sourcecode.swift; path = BuildVocabListView.swift; sourceTree = "<group>"; };
		B8DD2E4028F93CDD00AC9492 /* VocabListsView.swift */ = {isa = PBXFileReference; fileEncoding = 4; lastKnownFileType = sourcecode.swift; path = VocabListsView.swift; sourceTree = "<group>"; };
		B8DD2E4228F93CDD00AC9492 /* EzraSR.ttf */ = {isa = PBXFileReference; lastKnownFileType = file; path = EzraSR.ttf; sourceTree = "<group>"; };
		B8DD2E4328F93CDD00AC9492 /* TekniaGreek.ttf */ = {isa = PBXFileReference; lastKnownFileType = file; path = TekniaGreek.ttf; sourceTree = "<group>"; };
		B8DD2E4428F93CDD00AC9492 /* Font+Extensions.swift */ = {isa = PBXFileReference; fileEncoding = 4; lastKnownFileType = sourcecode.swift; path = "Font+Extensions.swift"; sourceTree = "<group>"; };
		B8E2FB3B2905176400C17F75 /* Text+Extensions.swift */ = {isa = PBXFileReference; lastKnownFileType = sourcecode.swift; path = "Text+Extensions.swift"; sourceTree = "<group>"; };
		B8E2FB3D29065D1D00C17F75 /* VocabWordIntervalStatsView.swift */ = {isa = PBXFileReference; lastKnownFileType = sourcecode.swift; path = VocabWordIntervalStatsView.swift; sourceTree = "<group>"; };
		B8E2FB402906694B00C17F75 /* MoreStatsView.swift */ = {isa = PBXFileReference; lastKnownFileType = sourcecode.swift; path = MoreStatsView.swift; sourceTree = "<group>"; };
		B8E2FB42290670A900C17F75 /* VocabWordDifficultyStatsView.swift */ = {isa = PBXFileReference; lastKnownFileType = sourcecode.swift; path = VocabWordDifficultyStatsView.swift; sourceTree = "<group>"; };
		B8E2FB4429072D4C00C17F75 /* CustomWordListBuilderView.swift */ = {isa = PBXFileReference; lastKnownFileType = sourcecode.swift; path = CustomWordListBuilderView.swift; sourceTree = "<group>"; };
		B8E2FB462907ADFB00C17F75 /* VocabListTypeInfoView.swift */ = {isa = PBXFileReference; lastKnownFileType = sourcecode.swift; path = VocabListTypeInfoView.swift; sourceTree = "<group>"; };
		B8E2FB482907B1A900C17F75 /* InfoImageTextRow.swift */ = {isa = PBXFileReference; lastKnownFileType = sourcecode.swift; path = InfoImageTextRow.swift; sourceTree = "<group>"; };
		B8E2FB4A290892C100C17F75 /* Array+Extensions.swift */ = {isa = PBXFileReference; lastKnownFileType = sourcecode.swift; path = "Array+Extensions.swift"; sourceTree = "<group>"; };
/* End PBXFileReference section */

/* Begin PBXFrameworksBuildPhase section */
		B81C315A2903AE1F002DBF6B /* Frameworks */ = {
			isa = PBXFrameworksBuildPhase;
			buildActionMask = 2147483647;
			files = (
				B81C31622903AE1F002DBF6B /* SwiftUI.framework in Frameworks */,
				B81C31602903AE1F002DBF6B /* WidgetKit.framework in Frameworks */,
			);
			runOnlyForDeploymentPostprocessing = 0;
		};
		B8DD2E0428F93CB100AC9492 /* Frameworks */ = {
			isa = PBXFrameworksBuildPhase;
			buildActionMask = 2147483647;
			files = (
			);
			runOnlyForDeploymentPostprocessing = 0;
		};
/* End PBXFrameworksBuildPhase section */

/* Begin PBXGroup section */
		B8124D7128FA0EE60053057C /* Paradigms */ = {
			isa = PBXGroup;
			children = (
				B8124D7428FA0EF10053057C /* ParadigmDetailView.swift */,
				B8124D7228FA0EF10053057C /* ParadigmPracticeView.swift */,
				B8124D7328FA0EF10053057C /* ParadigmsViews.swift */,
			);
			path = Paradigms;
			sourceTree = "<group>";
		};
		B8124D7A28FA0F580053057C /* Components */ = {
			isa = PBXGroup;
			children = (
				B8124D6B28F9D05A0053057C /* TextbookSelectorView.swift */,
				B8124D5F28F948FD0053057C /* AppButton.swift */,
				B8124D8228FB2AF90053057C /* NavHeaderTitleDetailView.swift */,
				B899887D28FC94F000F00E0B /* WordInfoRow.swift */,
				B899888928FDB03300F00E0B /* DataLoadingView.swift */,
				B8A210ED2900989A00BDF272 /* WordInfoHeaderSection.swift */,
				B8E2FB482907B1A900C17F75 /* InfoImageTextRow.swift */,
			);
			path = Components;
			sourceTree = "<group>";
		};
		B8124D7B28FA0F6E0053057C /* Vocab */ = {
			isa = PBXGroup;
			children = (
				B8124D7C28FA0F990053057C /* HomeView.swift */,
				B8DD2E3D28F93CDD00AC9492 /* ListDetailView.swift */,
				B8124D5928F944110053057C /* VocabListStudyView.swift */,
				B8124D6128F958830053057C /* VocabWordDefinitionView.swift */,
				B8DD2E3E28F93CDD00AC9492 /* WordInfoDetailsView.swift */,
				B8DD2E3F28F93CDD00AC9492 /* BuildVocabListView.swift */,
				B8124D7E28FA30900053057C /* WordInPassageView.swift */,
				B8124D8428FB366F0053057C /* DueWordsView.swift */,
				B899888128FD1A5100F00E0B /* NewWordsLearnedTodayView.swift */,
				B8A210EB29007CCD00BDF272 /* DefaultVocabListSelectorView.swift */,
				B8E2FB4429072D4C00C17F75 /* CustomWordListBuilderView.swift */,
				B8E2FB462907ADFB00C17F75 /* VocabListTypeInfoView.swift */,
			);
			path = Vocab;
			sourceTree = "<group>";
		};
		B81C315E2903AE1F002DBF6B /* Frameworks */ = {
			isa = PBXGroup;
			children = (
				B81C315F2903AE1F002DBF6B /* WidgetKit.framework */,
				B81C31612903AE1F002DBF6B /* SwiftUI.framework */,
			);
			name = Frameworks;
			sourceTree = "<group>";
		};
		B81C31632903AE1F002DBF6B /* TodayStatsWidget */ = {
			isa = PBXGroup;
			children = (
				B81C31642903AE1F002DBF6B /* TodayStatsWidget.swift */,
				B81C31662903AE20002DBF6B /* Assets.xcassets */,
				B81C31682903AE20002DBF6B /* Info.plist */,
				B81C31702903B0DB002DBF6B /* WidgetDesign.swift */,
				B81C31782903B5EB002DBF6B /* WidgetStatsUtil.swift */,
			);
			path = TodayStatsWidget;
			sourceTree = "<group>";
		};
		B899888328FDA90B00F00E0B /* Parsing */ = {
			isa = PBXGroup;
			children = (
				B8A210E528FF553C00BDF272 /* ParsingListsView.swift */,
				B8A210E928FF5C3A00BDF272 /* BuildParsingListView.swift */,
				B8A210F32901BF4600BDF272 /* ParsingListDetailView.swift */,
				B8A210F52901CA7200BDF272 /* PracticeParsingView.swift */,
				B8A210F72901D80800BDF272 /* ParsingSessionReportView.swift */,
				B8A210F92901D8B100BDF272 /* ParsingSessionEntryRow.swift */,
				B8A210FB2901E38C00BDF272 /* ParsingListSettingsView.swift */,
				B8A210FD2901E48A00BDF272 /* ParsingListSessionsView.swift */,
				B8A210FF2902086B00BDF272 /* AllWordsParsedTodayView.swift */,
			);
			path = Parsing;
			sourceTree = "<group>";
		};
		B899888428FDA91400F00E0B /* Reading */ = {
			isa = PBXGroup;
			children = (
				B899888528FDA92B00F00E0B /* ReadingMainView.swift */,
				B899888B28FDB32D00F00E0B /* ReadPassageView.swift */,
				B899888D28FDDB0E00F00E0B /* BibleReadingView.swift */,
				B8A210E128FE6DB100BDF272 /* WordDetailsView.swift */,
			);
			path = Reading;
			sourceTree = "<group>";
		};
		B8DD2DFE28F93CB100AC9492 = {
			isa = PBXGroup;
			children = (
				B81C31762903B3BE002DBF6B /* TodayStatsWidgetExtension.entitlements */,
				B8DD2E0928F93CB100AC9492 /* BibleWords_iOS */,
				B81C31632903AE1F002DBF6B /* TodayStatsWidget */,
				B81C315E2903AE1F002DBF6B /* Frameworks */,
				B8DD2E0828F93CB100AC9492 /* Products */,
			);
			sourceTree = "<group>";
		};
		B8DD2E0828F93CB100AC9492 /* Products */ = {
			isa = PBXGroup;
			children = (
				B8DD2E0728F93CB100AC9492 /* BibleWords_iOS.app */,
				B81C315D2903AE1F002DBF6B /* TodayStatsWidgetExtension.appex */,
			);
			name = Products;
			sourceTree = "<group>";
		};
		B8DD2E0928F93CB100AC9492 /* BibleWords_iOS */ = {
			isa = PBXGroup;
			children = (
				B81C31752903B386002DBF6B /* BibleWords_iOS.entitlements */,
				B8DD2E0A28F93CB100AC9492 /* BibleWords_iOSApp.swift */,
				B8DD2E1828F93CB300AC9492 /* Info.plist */,
				B8DD2E1528F93CB300AC9492 /* BibleWords_iOS.xcdatamodeld */,
				B8DD2E3C28F93CDD00AC9492 /* UI */,
				B8DD2E2828F93CDD00AC9492 /* Data */,
				B8DD2E3628F93CDD00AC9492 /* Util */,
				B8DD2E1028F93CB300AC9492 /* Preview Content */,
			);
			path = BibleWords_iOS;
			sourceTree = "<group>";
		};
		B8DD2E1028F93CB300AC9492 /* Preview Content */ = {
			isa = PBXGroup;
			children = (
				B8DD2E1128F93CB300AC9492 /* Preview Assets.xcassets */,
			);
			path = "Preview Content";
			sourceTree = "<group>";
		};
		B8DD2E2828F93CDD00AC9492 /* Data */ = {
			isa = PBXGroup;
			children = (
				B8DD2E2E28F93CDD00AC9492 /* JSON */,
				B8DD2E1328F93CB300AC9492 /* Persistence.swift */,
				B8A210E728FF581D00BDF272 /* ParsingInfo.swift */,
				B8DD2E2928F93CDD00AC9492 /* CoreDataManager.swift */,
				B8DD2E2A28F93CDD00AC9492 /* Bible.swift */,
				B8DD2E2B28F93CDD00AC9492 /* GreekCodeables.swift */,
				B8DD2E3328F93CDD00AC9492 /* HebrewCodables.swift */,
				B8DD2E2C28F93CDD00AC9492 /* BibleRange.swift */,
				B8DD2E2D28F93CDD00AC9492 /* HebrewParsingDictionary.swift */,
				B8DD2E3428F93CDD00AC9492 /* API.swift */,
				B8124D6528F9BDB90053057C /* Codables.swift */,
				B8124D7828FA0F120053057C /* HebrewConcepts.swift */,
				B81C31732903B310002DBF6B /* WidgetShareable.swift */,
				B83875EE2909BEC6002682FE /* Widget-AppOnly.swift */,
			);
			path = Data;
			sourceTree = "<group>";
		};
		B8DD2E2E28F93CDD00AC9492 /* JSON */ = {
			isa = PBXGroup;
			children = (
				B8A210EF2901953400BDF272 /* hebrew-dict.json */,
				B8A210DF28FE688900BDF272 /* hebrew-bible.json */,
				B8DD2E3028F93CDD00AC9492 /* greek-bible.json */,
				B8DD2E3228F93CDD00AC9492 /* greek-dict.json */,
				B8124D6D28F9EB7D0053057C /* garret-hebrew-1-21.json */,
				B8124D6728F9BFDD0053057C /* mgbh-garret-vocab-1-21.json */,
			);
			path = JSON;
			sourceTree = "<group>";
		};
		B8DD2E3628F93CDD00AC9492 /* Util */ = {
			isa = PBXGroup;
			children = (
				B8DD2E3728F93CDD00AC9492 /* Int+Extensions.swift */,
				B8124D6F28F9FF5E0053057C /* Date+Extensions.swift */,
				B8DD2E3828F93CDD00AC9492 /* VocabListBuilder.swift */,
				B8DD2E3928F93CDD00AC9492 /* Bindable.swift */,
				B8DD2E3A28F93CDD00AC9492 /* WordList+Extensions.swift */,
				B8124D5B28F944550053057C /* VocabWord+Extensions.swift */,
				B8124D5D28F9446C0053057C /* Time+Extensions.swift */,
				B8124D6928F9C7100053057C /* String+Extensions.swift */,
				B8124D8028FB285D0053057C /* BibleRange+Extensions.swift */,
				B899887F28FCBCF100F00E0B /* StudySession+Extensions.swift */,
				B899888F28FE4D1900F00E0B /* DesignConstants.swift */,
				B8A210F12901A90900BDF272 /* VocabWordRange+Extensions.swift */,
				B8A2110129020FA100BDF272 /* ExternalTools.swift */,
				B8E2FB3B2905176400C17F75 /* Text+Extensions.swift */,
				B8E2FB4A290892C100C17F75 /* Array+Extensions.swift */,
			);
			path = Util;
			sourceTree = "<group>";
		};
		B8DD2E3C28F93CDD00AC9492 /* UI */ = {
			isa = PBXGroup;
			children = (
				B8DD2E4028F93CDD00AC9492 /* VocabListsView.swift */,
				B8124D7B28FA0F6E0053057C /* Vocab */,
				B899888328FDA90B00F00E0B /* Parsing */,
				B899888428FDA91400F00E0B /* Reading */,
				B8124D7A28FA0F580053057C /* Components */,
				B8124D7128FA0EE60053057C /* Paradigms */,
				B8E2FB3F2906693E00C17F75 /* Stats */,
				B8DD2E0E28F93CB300AC9492 /* Assets.xcassets */,
				B8DD2E4128F93CDD00AC9492 /* Fonts */,
				B899888728FDAFE100F00E0B /* DataDependentViewModel.swift */,
				B81C313E29032BD9002DBF6B /* NewHomeView.swift */,
			);
			path = UI;
			sourceTree = "<group>";
		};
		B8DD2E4128F93CDD00AC9492 /* Fonts */ = {
			isa = PBXGroup;
			children = (
				B8DD2E4228F93CDD00AC9492 /* EzraSR.ttf */,
				B8DD2E4328F93CDD00AC9492 /* TekniaGreek.ttf */,
				B8DD2E4428F93CDD00AC9492 /* Font+Extensions.swift */,
			);
			path = Fonts;
			sourceTree = "<group>";
		};
		B8E2FB3F2906693E00C17F75 /* Stats */ = {
			isa = PBXGroup;
			children = (
				B8E2FB3D29065D1D00C17F75 /* VocabWordIntervalStatsView.swift */,
				B8E2FB402906694B00C17F75 /* MoreStatsView.swift */,
				B8E2FB42290670A900C17F75 /* VocabWordDifficultyStatsView.swift */,
			);
			path = Stats;
			sourceTree = "<group>";
		};
/* End PBXGroup section */

/* Begin PBXNativeTarget section */
		B81C315C2903AE1F002DBF6B /* TodayStatsWidgetExtension */ = {
			isa = PBXNativeTarget;
			buildConfigurationList = B81C316F2903AE20002DBF6B /* Build configuration list for PBXNativeTarget "TodayStatsWidgetExtension" */;
			buildPhases = (
				B81C31592903AE1F002DBF6B /* Sources */,
				B81C315A2903AE1F002DBF6B /* Frameworks */,
				B81C315B2903AE1F002DBF6B /* Resources */,
			);
			buildRules = (
			);
			dependencies = (
			);
			name = TodayStatsWidgetExtension;
			productName = TodayStatsWidgetExtension;
			productReference = B81C315D2903AE1F002DBF6B /* TodayStatsWidgetExtension.appex */;
			productType = "com.apple.product-type.app-extension";
		};
		B8DD2E0628F93CB100AC9492 /* BibleWords_iOS */ = {
			isa = PBXNativeTarget;
			buildConfigurationList = B8DD2E1B28F93CB300AC9492 /* Build configuration list for PBXNativeTarget "BibleWords_iOS" */;
			buildPhases = (
				B8DD2E0328F93CB100AC9492 /* Sources */,
				B8DD2E0428F93CB100AC9492 /* Frameworks */,
				B8DD2E0528F93CB100AC9492 /* Resources */,
				B81C316C2903AE20002DBF6B /* Embed Foundation Extensions */,
			);
			buildRules = (
			);
			dependencies = (
				B81C316A2903AE20002DBF6B /* PBXTargetDependency */,
			);
			name = BibleWords_iOS;
			productName = BibleWords_iOS;
			productReference = B8DD2E0728F93CB100AC9492 /* BibleWords_iOS.app */;
			productType = "com.apple.product-type.application";
		};
/* End PBXNativeTarget section */

/* Begin PBXProject section */
		B8DD2DFF28F93CB100AC9492 /* Project object */ = {
			isa = PBXProject;
			attributes = {
				BuildIndependentTargetsInParallel = 1;
				LastSwiftUpdateCheck = 1400;
				LastUpgradeCheck = 1400;
				TargetAttributes = {
					B81C315C2903AE1F002DBF6B = {
						CreatedOnToolsVersion = 14.0.1;
					};
					B8DD2E0628F93CB100AC9492 = {
						CreatedOnToolsVersion = 14.0.1;
					};
				};
			};
			buildConfigurationList = B8DD2E0228F93CB100AC9492 /* Build configuration list for PBXProject "BibleWords_iOS" */;
			compatibilityVersion = "Xcode 14.0";
			developmentRegion = en;
			hasScannedForEncodings = 0;
			knownRegions = (
				en,
				Base,
			);
			mainGroup = B8DD2DFE28F93CB100AC9492;
			productRefGroup = B8DD2E0828F93CB100AC9492 /* Products */;
			projectDirPath = "";
			projectRoot = "";
			targets = (
				B8DD2E0628F93CB100AC9492 /* BibleWords_iOS */,
				B81C315C2903AE1F002DBF6B /* TodayStatsWidgetExtension */,
			);
		};
/* End PBXProject section */

/* Begin PBXResourcesBuildPhase section */
		B81C315B2903AE1F002DBF6B /* Resources */ = {
			isa = PBXResourcesBuildPhase;
			buildActionMask = 2147483647;
			files = (
				B81C31672903AE20002DBF6B /* Assets.xcassets in Resources */,
			);
			runOnlyForDeploymentPostprocessing = 0;
		};
		B8DD2E0528F93CB100AC9492 /* Resources */ = {
			isa = PBXResourcesBuildPhase;
			buildActionMask = 2147483647;
			files = (
				B8124D6E28F9EB7D0053057C /* garret-hebrew-1-21.json in Resources */,
				B8A210E028FE688900BDF272 /* hebrew-bible.json in Resources */,
				B8124D6828F9BFDD0053057C /* mgbh-garret-vocab-1-21.json in Resources */,
				B8DD2E7628F93CDF00AC9492 /* EzraSR.ttf in Resources */,
				B8A210F02901953400BDF272 /* hebrew-dict.json in Resources */,
				B8DD2E7728F93CDF00AC9492 /* TekniaGreek.ttf in Resources */,
				B8DD2E6728F93CDF00AC9492 /* greek-bible.json in Resources */,
				B8DD2E6928F93CDF00AC9492 /* greek-dict.json in Resources */,
				B8DD2E1228F93CB300AC9492 /* Preview Assets.xcassets in Resources */,
				B8DD2E0F28F93CB300AC9492 /* Assets.xcassets in Resources */,
			);
			runOnlyForDeploymentPostprocessing = 0;
		};
/* End PBXResourcesBuildPhase section */

/* Begin PBXSourcesBuildPhase section */
		B81C31592903AE1F002DBF6B /* Sources */ = {
			isa = PBXSourcesBuildPhase;
			buildActionMask = 2147483647;
			files = (
				B81C31652903AE1F002DBF6B /* TodayStatsWidget.swift in Sources */,
				B81C31792903B5EB002DBF6B /* WidgetStatsUtil.swift in Sources */,
				B8E2FB4C2908B58100C17F75 /* Time+Extensions.swift in Sources */,
				B81C31772903B4FE002DBF6B /* WidgetShareable.swift in Sources */,
				B81C31722903B1E6002DBF6B /* WidgetDesign.swift in Sources */,
			);
			runOnlyForDeploymentPostprocessing = 0;
		};
		B8DD2E0328F93CB100AC9492 /* Sources */ = {
			isa = PBXSourcesBuildPhase;
			buildActionMask = 2147483647;
			files = (
				B8DD2E6428F93CDF00AC9492 /* BibleRange.swift in Sources */,
				B8DD2E7528F93CDF00AC9492 /* VocabListsView.swift in Sources */,
				B8124D5E28F9446C0053057C /* Time+Extensions.swift in Sources */,
				B8E2FB3C2905176400C17F75 /* Text+Extensions.swift in Sources */,
				B8124D6228F958830053057C /* VocabWordDefinitionView.swift in Sources */,
				B8124D5A28F944110053057C /* VocabListStudyView.swift in Sources */,
				B8124D6028F948FD0053057C /* AppButton.swift in Sources */,
				B8E2FB492907B1A900C17F75 /* InfoImageTextRow.swift in Sources */,
				B8DD2E1428F93CB300AC9492 /* Persistence.swift in Sources */,
				B8A2110229020FA100BDF272 /* ExternalTools.swift in Sources */,
				B899888A28FDB03300F00E0B /* DataLoadingView.swift in Sources */,
				B8E2FB472907ADFB00C17F75 /* VocabListTypeInfoView.swift in Sources */,
				B899888028FCBCF100F00E0B /* StudySession+Extensions.swift in Sources */,
				B8A210E828FF581E00BDF272 /* ParsingInfo.swift in Sources */,
				B8124D8328FB2AF90053057C /* NavHeaderTitleDetailView.swift in Sources */,
				B8A210FC2901E38C00BDF272 /* ParsingListSettingsView.swift in Sources */,
				B899887E28FC94F000F00E0B /* WordInfoRow.swift in Sources */,
				B8A210FE2901E48A00BDF272 /* ParsingListSessionsView.swift in Sources */,
				B8124D6628F9BDB90053057C /* Codables.swift in Sources */,
				B8E2FB4529072D4C00C17F75 /* CustomWordListBuilderView.swift in Sources */,
				B8124D8128FB285D0053057C /* BibleRange+Extensions.swift in Sources */,
				B8DD2E6E28F93CDF00AC9492 /* VocabListBuilder.swift in Sources */,
				B8124D7028F9FF5E0053057C /* Date+Extensions.swift in Sources */,
				B8124D5C28F944550053057C /* VocabWord+Extensions.swift in Sources */,
				B8A210E628FF553C00BDF272 /* ParsingListsView.swift in Sources */,
				B8124D7928FA0F120053057C /* HebrewConcepts.swift in Sources */,
				B8DD2E7028F93CDF00AC9492 /* WordList+Extensions.swift in Sources */,
				B899888E28FDDB0E00F00E0B /* BibleReadingView.swift in Sources */,
				B8DD2E6528F93CDF00AC9492 /* HebrewParsingDictionary.swift in Sources */,
				B8DD2E7228F93CDF00AC9492 /* ListDetailView.swift in Sources */,
				B8DD2E6228F93CDF00AC9492 /* Bible.swift in Sources */,
				B8E2FB4B290892C100C17F75 /* Array+Extensions.swift in Sources */,
				B8A210EE2900989A00BDF272 /* WordInfoHeaderSection.swift in Sources */,
				B81C313F29032BD9002DBF6B /* NewHomeView.swift in Sources */,
				B8124D6A28F9C7100053057C /* String+Extensions.swift in Sources */,
				B8A210F22901A90900BDF272 /* VocabWordRange+Extensions.swift in Sources */,
				B8DD2E6D28F93CDF00AC9492 /* Int+Extensions.swift in Sources */,
				B8E2FB43290670A900C17F75 /* VocabWordDifficultyStatsView.swift in Sources */,
				B8A210EA28FF5C3A00BDF272 /* BuildParsingListView.swift in Sources */,
				B8A210E228FE6DB100BDF272 /* WordDetailsView.swift in Sources */,
				B8124D7728FA0EF10053057C /* ParadigmDetailView.swift in Sources */,
				B8124D7628FA0EF10053057C /* ParadigmsViews.swift in Sources */,
				B8124D7F28FA30900053057C /* WordInPassageView.swift in Sources */,
				B8124D6C28F9D05A0053057C /* TextbookSelectorView.swift in Sources */,
				B8A210FA2901D8B100BDF272 /* ParsingSessionEntryRow.swift in Sources */,
				B899888C28FDB32D00F00E0B /* ReadPassageView.swift in Sources */,
				B899889028FE4D1900F00E0B /* DesignConstants.swift in Sources */,
				B899888828FDAFE100F00E0B /* DataDependentViewModel.swift in Sources */,
				B8E2FB3E29065D1D00C17F75 /* VocabWordIntervalStatsView.swift in Sources */,
				B8DD2E7328F93CDF00AC9492 /* WordInfoDetailsView.swift in Sources */,
				B8124D7528FA0EF10053057C /* ParadigmPracticeView.swift in Sources */,
				B8124D8528FB366F0053057C /* DueWordsView.swift in Sources */,
				B8DD2E6A28F93CDF00AC9492 /* HebrewCodables.swift in Sources */,
				B8DD2E7828F93CDF00AC9492 /* Font+Extensions.swift in Sources */,
				B8A210F42901BF4600BDF272 /* ParsingListDetailView.swift in Sources */,
				B8A210F62901CA7200BDF272 /* PracticeParsingView.swift in Sources */,
				B81C31742903B310002DBF6B /* WidgetShareable.swift in Sources */,
				B8E2FB4D2908B71A00C17F75 /* WidgetStatsUtil.swift in Sources */,
				B8DD2E6F28F93CDF00AC9492 /* Bindable.swift in Sources */,
				B8DD2E6B28F93CDF00AC9492 /* API.swift in Sources */,
				B899888228FD1A5100F00E0B /* NewWordsLearnedTodayView.swift in Sources */,
				B8E2FB412906694B00C17F75 /* MoreStatsView.swift in Sources */,
				B8124D7D28FA0F990053057C /* HomeView.swift in Sources */,
				B8A210F82901D80800BDF272 /* ParsingSessionReportView.swift in Sources */,
				B8DD2E6328F93CDF00AC9492 /* GreekCodeables.swift in Sources */,
				B8DD2E1728F93CB300AC9492 /* BibleWords_iOS.xcdatamodeld in Sources */,
				B83875EF2909BEC6002682FE /* Widget-AppOnly.swift in Sources */,
				B8DD2E7428F93CDF00AC9492 /* BuildVocabListView.swift in Sources */,
				B8A210EC29007CCD00BDF272 /* DefaultVocabListSelectorView.swift in Sources */,
				B8DD2E0B28F93CB100AC9492 /* BibleWords_iOSApp.swift in Sources */,
				B899888628FDA92B00F00E0B /* ReadingMainView.swift in Sources */,
				B8DD2E6128F93CDF00AC9492 /* CoreDataManager.swift in Sources */,
				B8A211002902086B00BDF272 /* AllWordsParsedTodayView.swift in Sources */,
			);
			runOnlyForDeploymentPostprocessing = 0;
		};
/* End PBXSourcesBuildPhase section */

/* Begin PBXTargetDependency section */
		B81C316A2903AE20002DBF6B /* PBXTargetDependency */ = {
			isa = PBXTargetDependency;
			target = B81C315C2903AE1F002DBF6B /* TodayStatsWidgetExtension */;
			targetProxy = B81C31692903AE20002DBF6B /* PBXContainerItemProxy */;
		};
/* End PBXTargetDependency section */

/* Begin XCBuildConfiguration section */
		B81C316D2903AE20002DBF6B /* Debug */ = {
			isa = XCBuildConfiguration;
			buildSettings = {
				ASSETCATALOG_COMPILER_GLOBAL_ACCENT_COLOR_NAME = AccentColor;
				ASSETCATALOG_COMPILER_WIDGET_BACKGROUND_COLOR_NAME = WidgetBackground;
				CODE_SIGN_ENTITLEMENTS = TodayStatsWidgetExtension.entitlements;
				CODE_SIGN_STYLE = Automatic;
				CURRENT_PROJECT_VERSION = 1;
				DEVELOPMENT_TEAM = ZC55HLSXNP;
				GENERATE_INFOPLIST_FILE = YES;
				INFOPLIST_FILE = TodayStatsWidget/Info.plist;
				INFOPLIST_KEY_CFBundleDisplayName = TodayStatsWidget;
				INFOPLIST_KEY_NSHumanReadableCopyright = "";
				LD_RUNPATH_SEARCH_PATHS = (
					"$(inherited)",
					"@executable_path/Frameworks",
					"@executable_path/../../Frameworks",
				);
				MARKETING_VERSION = 1.0;
				PRODUCT_BUNDLE_IDENTIFIER = "ShayneTorres.BibleWords-iOS.TodayStatsWidget";
				PRODUCT_NAME = "$(TARGET_NAME)";
				SKIP_INSTALL = YES;
				SWIFT_EMIT_LOC_STRINGS = YES;
				SWIFT_VERSION = 5.0;
				TARGETED_DEVICE_FAMILY = "1,2";
			};
			name = Debug;
		};
		B81C316E2903AE20002DBF6B /* Release */ = {
			isa = XCBuildConfiguration;
			buildSettings = {
				ASSETCATALOG_COMPILER_GLOBAL_ACCENT_COLOR_NAME = AccentColor;
				ASSETCATALOG_COMPILER_WIDGET_BACKGROUND_COLOR_NAME = WidgetBackground;
				CODE_SIGN_ENTITLEMENTS = TodayStatsWidgetExtension.entitlements;
				CODE_SIGN_STYLE = Automatic;
				CURRENT_PROJECT_VERSION = 1;
				DEVELOPMENT_TEAM = ZC55HLSXNP;
				GENERATE_INFOPLIST_FILE = YES;
				INFOPLIST_FILE = TodayStatsWidget/Info.plist;
				INFOPLIST_KEY_CFBundleDisplayName = TodayStatsWidget;
				INFOPLIST_KEY_NSHumanReadableCopyright = "";
				LD_RUNPATH_SEARCH_PATHS = (
					"$(inherited)",
					"@executable_path/Frameworks",
					"@executable_path/../../Frameworks",
				);
				MARKETING_VERSION = 1.0;
				PRODUCT_BUNDLE_IDENTIFIER = "ShayneTorres.BibleWords-iOS.TodayStatsWidget";
				PRODUCT_NAME = "$(TARGET_NAME)";
				SKIP_INSTALL = YES;
				SWIFT_EMIT_LOC_STRINGS = YES;
				SWIFT_VERSION = 5.0;
				TARGETED_DEVICE_FAMILY = "1,2";
			};
			name = Release;
		};
		B8DD2E1928F93CB300AC9492 /* Debug */ = {
			isa = XCBuildConfiguration;
			buildSettings = {
				ALWAYS_SEARCH_USER_PATHS = NO;
				CLANG_ANALYZER_NONNULL = YES;
				CLANG_ANALYZER_NUMBER_OBJECT_CONVERSION = YES_AGGRESSIVE;
				CLANG_CXX_LANGUAGE_STANDARD = "gnu++20";
				CLANG_ENABLE_MODULES = YES;
				CLANG_ENABLE_OBJC_ARC = YES;
				CLANG_ENABLE_OBJC_WEAK = YES;
				CLANG_WARN_BLOCK_CAPTURE_AUTORELEASING = YES;
				CLANG_WARN_BOOL_CONVERSION = YES;
				CLANG_WARN_COMMA = YES;
				CLANG_WARN_CONSTANT_CONVERSION = YES;
				CLANG_WARN_DEPRECATED_OBJC_IMPLEMENTATIONS = YES;
				CLANG_WARN_DIRECT_OBJC_ISA_USAGE = YES_ERROR;
				CLANG_WARN_DOCUMENTATION_COMMENTS = YES;
				CLANG_WARN_EMPTY_BODY = YES;
				CLANG_WARN_ENUM_CONVERSION = YES;
				CLANG_WARN_INFINITE_RECURSION = YES;
				CLANG_WARN_INT_CONVERSION = YES;
				CLANG_WARN_NON_LITERAL_NULL_CONVERSION = YES;
				CLANG_WARN_OBJC_IMPLICIT_RETAIN_SELF = YES;
				CLANG_WARN_OBJC_LITERAL_CONVERSION = YES;
				CLANG_WARN_OBJC_ROOT_CLASS = YES_ERROR;
				CLANG_WARN_QUOTED_INCLUDE_IN_FRAMEWORK_HEADER = YES;
				CLANG_WARN_RANGE_LOOP_ANALYSIS = YES;
				CLANG_WARN_STRICT_PROTOTYPES = YES;
				CLANG_WARN_SUSPICIOUS_MOVE = YES;
				CLANG_WARN_UNGUARDED_AVAILABILITY = YES_AGGRESSIVE;
				CLANG_WARN_UNREACHABLE_CODE = YES;
				CLANG_WARN__DUPLICATE_METHOD_MATCH = YES;
				COPY_PHASE_STRIP = NO;
				DEBUG_INFORMATION_FORMAT = dwarf;
				ENABLE_STRICT_OBJC_MSGSEND = YES;
				ENABLE_TESTABILITY = YES;
				GCC_C_LANGUAGE_STANDARD = gnu11;
				GCC_DYNAMIC_NO_PIC = NO;
				GCC_NO_COMMON_BLOCKS = YES;
				GCC_OPTIMIZATION_LEVEL = 0;
				GCC_PREPROCESSOR_DEFINITIONS = (
					"DEBUG=1",
					"$(inherited)",
				);
				GCC_WARN_64_TO_32_BIT_CONVERSION = YES;
				GCC_WARN_ABOUT_RETURN_TYPE = YES_ERROR;
				GCC_WARN_UNDECLARED_SELECTOR = YES;
				GCC_WARN_UNINITIALIZED_AUTOS = YES_AGGRESSIVE;
				GCC_WARN_UNUSED_FUNCTION = YES;
				GCC_WARN_UNUSED_VARIABLE = YES;
				IPHONEOS_DEPLOYMENT_TARGET = 16.0;
				MTL_ENABLE_DEBUG_INFO = INCLUDE_SOURCE;
				MTL_FAST_MATH = YES;
				ONLY_ACTIVE_ARCH = YES;
				SDKROOT = iphoneos;
				SWIFT_ACTIVE_COMPILATION_CONDITIONS = DEBUG;
				SWIFT_OPTIMIZATION_LEVEL = "-Onone";
			};
			name = Debug;
		};
		B8DD2E1A28F93CB300AC9492 /* Release */ = {
			isa = XCBuildConfiguration;
			buildSettings = {
				ALWAYS_SEARCH_USER_PATHS = NO;
				CLANG_ANALYZER_NONNULL = YES;
				CLANG_ANALYZER_NUMBER_OBJECT_CONVERSION = YES_AGGRESSIVE;
				CLANG_CXX_LANGUAGE_STANDARD = "gnu++20";
				CLANG_ENABLE_MODULES = YES;
				CLANG_ENABLE_OBJC_ARC = YES;
				CLANG_ENABLE_OBJC_WEAK = YES;
				CLANG_WARN_BLOCK_CAPTURE_AUTORELEASING = YES;
				CLANG_WARN_BOOL_CONVERSION = YES;
				CLANG_WARN_COMMA = YES;
				CLANG_WARN_CONSTANT_CONVERSION = YES;
				CLANG_WARN_DEPRECATED_OBJC_IMPLEMENTATIONS = YES;
				CLANG_WARN_DIRECT_OBJC_ISA_USAGE = YES_ERROR;
				CLANG_WARN_DOCUMENTATION_COMMENTS = YES;
				CLANG_WARN_EMPTY_BODY = YES;
				CLANG_WARN_ENUM_CONVERSION = YES;
				CLANG_WARN_INFINITE_RECURSION = YES;
				CLANG_WARN_INT_CONVERSION = YES;
				CLANG_WARN_NON_LITERAL_NULL_CONVERSION = YES;
				CLANG_WARN_OBJC_IMPLICIT_RETAIN_SELF = YES;
				CLANG_WARN_OBJC_LITERAL_CONVERSION = YES;
				CLANG_WARN_OBJC_ROOT_CLASS = YES_ERROR;
				CLANG_WARN_QUOTED_INCLUDE_IN_FRAMEWORK_HEADER = YES;
				CLANG_WARN_RANGE_LOOP_ANALYSIS = YES;
				CLANG_WARN_STRICT_PROTOTYPES = YES;
				CLANG_WARN_SUSPICIOUS_MOVE = YES;
				CLANG_WARN_UNGUARDED_AVAILABILITY = YES_AGGRESSIVE;
				CLANG_WARN_UNREACHABLE_CODE = YES;
				CLANG_WARN__DUPLICATE_METHOD_MATCH = YES;
				COPY_PHASE_STRIP = NO;
				DEBUG_INFORMATION_FORMAT = "dwarf-with-dsym";
				ENABLE_NS_ASSERTIONS = NO;
				ENABLE_STRICT_OBJC_MSGSEND = YES;
				GCC_C_LANGUAGE_STANDARD = gnu11;
				GCC_NO_COMMON_BLOCKS = YES;
				GCC_WARN_64_TO_32_BIT_CONVERSION = YES;
				GCC_WARN_ABOUT_RETURN_TYPE = YES_ERROR;
				GCC_WARN_UNDECLARED_SELECTOR = YES;
				GCC_WARN_UNINITIALIZED_AUTOS = YES_AGGRESSIVE;
				GCC_WARN_UNUSED_FUNCTION = YES;
				GCC_WARN_UNUSED_VARIABLE = YES;
				IPHONEOS_DEPLOYMENT_TARGET = 16.0;
				MTL_ENABLE_DEBUG_INFO = NO;
				MTL_FAST_MATH = YES;
				SDKROOT = iphoneos;
				SWIFT_COMPILATION_MODE = wholemodule;
				SWIFT_OPTIMIZATION_LEVEL = "-O";
				VALIDATE_PRODUCT = YES;
			};
			name = Release;
		};
		B8DD2E1C28F93CB300AC9492 /* Debug */ = {
			isa = XCBuildConfiguration;
			buildSettings = {
				ALWAYS_EMBED_SWIFT_STANDARD_LIBRARIES = YES;
				ASSETCATALOG_COMPILER_APPICON_NAME = AppIcon;
				ASSETCATALOG_COMPILER_GLOBAL_ACCENT_COLOR_NAME = AccentColor;
				CODE_SIGN_ENTITLEMENTS = BibleWords_iOS/BibleWords_iOS.entitlements;
				CODE_SIGN_STYLE = Automatic;
				CURRENT_PROJECT_VERSION = 1;
				DEVELOPMENT_ASSET_PATHS = "\"BibleWords_iOS/Preview Content\"";
				DEVELOPMENT_TEAM = ZC55HLSXNP;
				ENABLE_PREVIEWS = YES;
				GENERATE_INFOPLIST_FILE = YES;
				INFOPLIST_KEY_CFBundleDisplayName = BibleWords;
				INFOPLIST_KEY_LSApplicationCategoryType = "public.app-category.education";
				INFOPLIST_KEY_UIApplicationSceneManifest_Generation = YES;
				INFOPLIST_KEY_UIApplicationSupportsIndirectInputEvents = YES;
				INFOPLIST_KEY_UILaunchScreen_Generation = YES;
				INFOPLIST_KEY_UISupportedInterfaceOrientations = "UIInterfaceOrientationLandscapeLeft UIInterfaceOrientationLandscapeRight UIInterfaceOrientationPortrait";
				INFOPLIST_KEY_UISupportedInterfaceOrientations_iPad = "UIInterfaceOrientationLandscapeLeft UIInterfaceOrientationLandscapeRight UIInterfaceOrientationPortrait UIInterfaceOrientationPortraitUpsideDown";
				LD_RUNPATH_SEARCH_PATHS = (
					"$(inherited)",
					"@executable_path/Frameworks",
				);
				MARKETING_VERSION = 1.0;
				PRODUCT_BUNDLE_IDENTIFIER = "ShayneTorres.BibleWords-iOS";
				PRODUCT_NAME = "$(TARGET_NAME)";
				SWIFT_EMIT_LOC_STRINGS = YES;
				SWIFT_VERSION = 5.0;
				TARGETED_DEVICE_FAMILY = "1,2";
			};
			name = Debug;
		};
		B8DD2E1D28F93CB300AC9492 /* Release */ = {
			isa = XCBuildConfiguration;
			buildSettings = {
				ALWAYS_EMBED_SWIFT_STANDARD_LIBRARIES = YES;
				ASSETCATALOG_COMPILER_APPICON_NAME = AppIcon;
				ASSETCATALOG_COMPILER_GLOBAL_ACCENT_COLOR_NAME = AccentColor;
				CODE_SIGN_ENTITLEMENTS = BibleWords_iOS/BibleWords_iOS.entitlements;
				CODE_SIGN_STYLE = Automatic;
				CURRENT_PROJECT_VERSION = 1;
				DEVELOPMENT_ASSET_PATHS = "\"BibleWords_iOS/Preview Content\"";
				DEVELOPMENT_TEAM = ZC55HLSXNP;
				ENABLE_PREVIEWS = YES;
				GENERATE_INFOPLIST_FILE = YES;
				INFOPLIST_KEY_CFBundleDisplayName = BibleWords;
				INFOPLIST_KEY_LSApplicationCategoryType = "public.app-category.education";
				INFOPLIST_KEY_UIApplicationSceneManifest_Generation = YES;
				INFOPLIST_KEY_UIApplicationSupportsIndirectInputEvents = YES;
				INFOPLIST_KEY_UILaunchScreen_Generation = YES;
				INFOPLIST_KEY_UISupportedInterfaceOrientations = "UIInterfaceOrientationLandscapeLeft UIInterfaceOrientationLandscapeRight UIInterfaceOrientationPortrait";
				INFOPLIST_KEY_UISupportedInterfaceOrientations_iPad = "UIInterfaceOrientationLandscapeLeft UIInterfaceOrientationLandscapeRight UIInterfaceOrientationPortrait UIInterfaceOrientationPortraitUpsideDown";
				LD_RUNPATH_SEARCH_PATHS = (
					"$(inherited)",
					"@executable_path/Frameworks",
				);
				MARKETING_VERSION = 1.0;
				PRODUCT_BUNDLE_IDENTIFIER = "ShayneTorres.BibleWords-iOS";
				PRODUCT_NAME = "$(TARGET_NAME)";
				SWIFT_EMIT_LOC_STRINGS = YES;
				SWIFT_VERSION = 5.0;
				TARGETED_DEVICE_FAMILY = "1,2";
			};
			name = Release;
		};
/* End XCBuildConfiguration section */

/* Begin XCConfigurationList section */
		B81C316F2903AE20002DBF6B /* Build configuration list for PBXNativeTarget "TodayStatsWidgetExtension" */ = {
			isa = XCConfigurationList;
			buildConfigurations = (
				B81C316D2903AE20002DBF6B /* Debug */,
				B81C316E2903AE20002DBF6B /* Release */,
			);
			defaultConfigurationIsVisible = 0;
			defaultConfigurationName = Release;
		};
		B8DD2E0228F93CB100AC9492 /* Build configuration list for PBXProject "BibleWords_iOS" */ = {
			isa = XCConfigurationList;
			buildConfigurations = (
				B8DD2E1928F93CB300AC9492 /* Debug */,
				B8DD2E1A28F93CB300AC9492 /* Release */,
			);
			defaultConfigurationIsVisible = 0;
			defaultConfigurationName = Release;
		};
		B8DD2E1B28F93CB300AC9492 /* Build configuration list for PBXNativeTarget "BibleWords_iOS" */ = {
			isa = XCConfigurationList;
			buildConfigurations = (
				B8DD2E1C28F93CB300AC9492 /* Debug */,
				B8DD2E1D28F93CB300AC9492 /* Release */,
			);
			defaultConfigurationIsVisible = 0;
			defaultConfigurationName = Release;
		};
/* End XCConfigurationList section */

/* Begin XCVersionGroup section */
		B8DD2E1528F93CB300AC9492 /* BibleWords_iOS.xcdatamodeld */ = {
			isa = XCVersionGroup;
			children = (
				B8DD2E1628F93CB300AC9492 /* BibleWords_iOS.xcdatamodel */,
			);
			currentVersion = B8DD2E1628F93CB300AC9492 /* BibleWords_iOS.xcdatamodel */;
			path = BibleWords_iOS.xcdatamodeld;
			sourceTree = "<group>";
			versionGroupType = wrapper.xcdatamodel;
		};
/* End XCVersionGroup section */
	};
	rootObject = B8DD2DFF28F93CB100AC9492 /* Project object */;
}
